
Microsoft Visual Studio Solution File, Format Version 12.00
# Visual Studio Version 17
VisualStudioVersion = 17.7.34003.232
MinimumVisualStudioVersion = 10.0.40219.1
Project("{9A19103F-16F7-4668-BE54-9A1E7A4F7556}") = "NumbersFrom1ToN_01", "NumbersFrom1ToN_01\NumbersFrom1ToN_01.csproj", "{36F59B83-13DF-450E-BA40-E2B880EF3EA9}"
EndProject
Project("{9A19103F-16F7-4668-BE54-9A1E7A4F7556}") = "1ToNReversed_02", "1ToNReversed_02\1ToNReversed_02.csproj", "{1C331A3E-3AEE-41C7-8BC0-8B2DB16F830D}"
EndProject
Project("{9A19103F-16F7-4668-BE54-9A1E7A4F7556}") = "1ToNStep3_03", "1ToNStep3_03\1ToNStep3_03.csproj", "{F1D81C5B-4018-4859-B1F4-6C2B0F21426F}"
EndProject
Project("{9A19103F-16F7-4668-BE54-9A1E7A4F7556}") = "EvenPowersOf2_04", "EvenPowersOf2_04\EvenPowersOf2_04.csproj", "{52487C98-5B4E-4923-9E81-D165C156EE28}"
EndProject
Project("{9A19103F-16F7-4668-BE54-9A1E7A4F7556}") = "SumOfNumbers_05", "SumOfNumbers_05\SumOfNumbers_05.csproj", "{754A4B1C-4FDB-4BC2-BA54-EC7C61BF7C6D}"
EndProject
Project("{9A19103F-16F7-4668-BE54-9A1E7A4F7556}") = "Sequence2k1_06", "Sequence2k1_06\Sequence2k1_06.csproj", "{2FD9C0B6-642F-45D3-9B9E-E974830BAD1C}"
EndProject
Project("{9A19103F-16F7-4668-BE54-9A1E7A4F7556}") = "AccountBalance_07", "AccountBalance_07\AccountBalance_07.csproj", "{45583E88-9A58-4EC1-9DB0-2458B6A47120}"
EndProject
Project("{9A19103F-16F7-4668-BE54-9A1E7A4F7556}") = "TheGreatestNumber_08", "TheGreatestNumber_08\TheGreatestNumber_08.csproj", "{5A8ABD32-A8CA-4803-955E-23D0D4357F92}"
EndProject
Project("{9A19103F-16F7-4668-BE54-9A1E7A4F7556}") = "TheSmallestNumber_09", "TheSmallestNumber_09\TheSmallestNumber_09.csproj", "{F549C9E0-BEAF-4797-9215-7850874107E8}"
EndProject
Project("{9A19103F-16F7-4668-BE54-9A1E7A4F7556}") = "Graduation_10", "Graduation_10\Graduation_10.csproj", "{EC0BBE3F-6753-4CFC-84D6-7343C62D2E07}"
EndProject
Project("{9A19103F-16F7-4668-BE54-9A1E7A4F7556}") = "NumbersEnding7_01", "NumbersEnding7_01\NumbersEnding7_01.csproj", "{3FCA1201-BAE6-49B2-AC09-7040F35FD1FF}"
EndProject
Project("{9A19103F-16F7-4668-BE54-9A1E7A4F7556}") = "HalfSumElement_02", "HalfSumElement_02\HalfSumElement_02.csproj", "{74330673-3652-4C62-9550-00285DC14C0B}"
EndProject
Project("{9A19103F-16F7-4668-BE54-9A1E7A4F7556}") = "OldBooks_03", "OldBooks_03\OldBooks_03.csproj", "{4B1B9863-7BB3-4040-81F9-A8134E82BE91}"
EndProject
Project("{FAE04EC0-301F-11D3-BF4B-00C04F79EFBC}") = "ExamPreparation_04", "ExamPreparation_04\ExamPreparation_04.csproj", "{2729296B-313A-4A20-8E6E-CF5855887042}"
EndProject
Project("{FAE04EC0-301F-11D3-BF4B-00C04F79EFBC}") = "Vacation_05", "Vacation_05\Vacation_05.csproj", "{031194B1-C772-46E4-9669-1DEBF6F0FF9E}"
EndProject
Project("{FAE04EC0-301F-11D3-BF4B-00C04F79EFBC}") = "Walking_06", "Walking_06\Walking_06.csproj", "{1E96E683-9B9C-4434-952D-A771351BBBE2}"
EndProject
Project("{FAE04EC0-301F-11D3-BF4B-00C04F79EFBC}") = "Coins_07", "Coins_07\Coins_07.csproj", "{21E4EA20-2867-4755-B1E3-C1968ADEC065}"
EndProject
Project("{FAE04EC0-301F-11D3-BF4B-00C04F79EFBC}") = "Coins_07New", "Coins_07New\Coins_07New.csproj", "{00794F90-A716-4999-BFF9-9077FDFA4F25}"
EndProject
Project("{FAE04EC0-301F-11D3-BF4B-00C04F79EFBC}") = "Cake_08", "Cake_08\Cake_08.csproj", "{FB3A9E57-82B2-44C1-A34A-04A204D1CCC1}"
EndProject
Project("{FAE04EC0-301F-11D3-BF4B-00C04F79EFBC}") = "Moving_09", "Moving_09\Moving_09.csproj", "{1C2ADE75-FCC6-4C0B-8530-F125339EBD11}"
EndProject
Project("{FAE04EC0-301F-11D3-BF4B-00C04F79EFBC}") = "NumberPyramid_01", "NumberPyramid_01\NumberPyramid_01.csproj", "{9807D711-CEA8-4EB6-ADC9-E74DC389579E}"
EndProject
Project("{FAE04EC0-301F-11D3-BF4B-00C04F79EFBC}") = "EqualSumEvenOdd_02", "EqualSumEvenOdd_02\EqualSumEvenOdd_02.csproj", "{FC38FC54-13BA-48D5-9342-37F1691BB3D7}"
EndProject
Project("{FAE04EC0-301F-11D3-BF4B-00C04F79EFBC}") = "SumPrimeNonPrimeN_03", "SumPrimeNonPrimeN_03\SumPrimeNonPrimeN_03.csproj", "{A4B764D1-B757-4CE9-9B6B-25446910B9CD}"
EndProject
Project("{FAE04EC0-301F-11D3-BF4B-00C04F79EFBC}") = "TrainTheTrainers_04", "TrainTheTrainers_04\TrainTheTrainers_04.csproj", "{6E992A9E-6941-44EF-B099-B77976255B05}"
EndProject
Project("{FAE04EC0-301F-11D3-BF4B-00C04F79EFBC}") = "SpecialNumbers_05", "SpecialNumbers_05\SpecialNumbers_05.csproj", "{AE4658EA-AB04-4A59-A85E-C9BC15CCB8F6}"
EndProject
Project("{FAE04EC0-301F-11D3-BF4B-00C04F79EFBC}") = "CinemaTickets_06", "CinemaTickets_06\CinemaTickets_06.csproj", "{5F4AD1FE-EEBB-43A0-BA16-BED5C1643A89}"
EndProject
Global
	GlobalSection(SolutionConfigurationPlatforms) = preSolution
		Debug|Any CPU = Debug|Any CPU
		Release|Any CPU = Release|Any CPU
	EndGlobalSection
	GlobalSection(ProjectConfigurationPlatforms) = postSolution
		{36F59B83-13DF-450E-BA40-E2B880EF3EA9}.Debug|Any CPU.ActiveCfg = Debug|Any CPU
		{36F59B83-13DF-450E-BA40-E2B880EF3EA9}.Debug|Any CPU.Build.0 = Debug|Any CPU
		{36F59B83-13DF-450E-BA40-E2B880EF3EA9}.Release|Any CPU.ActiveCfg = Release|Any CPU
		{36F59B83-13DF-450E-BA40-E2B880EF3EA9}.Release|Any CPU.Build.0 = Release|Any CPU
		{1C331A3E-3AEE-41C7-8BC0-8B2DB16F830D}.Debug|Any CPU.ActiveCfg = Debug|Any CPU
		{1C331A3E-3AEE-41C7-8BC0-8B2DB16F830D}.Debug|Any CPU.Build.0 = Debug|Any CPU
		{1C331A3E-3AEE-41C7-8BC0-8B2DB16F830D}.Release|Any CPU.ActiveCfg = Release|Any CPU
		{1C331A3E-3AEE-41C7-8BC0-8B2DB16F830D}.Release|Any CPU.Build.0 = Release|Any CPU
		{F1D81C5B-4018-4859-B1F4-6C2B0F21426F}.Debug|Any CPU.ActiveCfg = Debug|Any CPU
		{F1D81C5B-4018-4859-B1F4-6C2B0F21426F}.Debug|Any CPU.Build.0 = Debug|Any CPU
		{F1D81C5B-4018-4859-B1F4-6C2B0F21426F}.Release|Any CPU.ActiveCfg = Release|Any CPU
		{F1D81C5B-4018-4859-B1F4-6C2B0F21426F}.Release|Any CPU.Build.0 = Release|Any CPU
		{52487C98-5B4E-4923-9E81-D165C156EE28}.Debug|Any CPU.ActiveCfg = Debug|Any CPU
		{52487C98-5B4E-4923-9E81-D165C156EE28}.Debug|Any CPU.Build.0 = Debug|Any CPU
		{52487C98-5B4E-4923-9E81-D165C156EE28}.Release|Any CPU.ActiveCfg = Release|Any CPU
		{52487C98-5B4E-4923-9E81-D165C156EE28}.Release|Any CPU.Build.0 = Release|Any CPU
		{754A4B1C-4FDB-4BC2-BA54-EC7C61BF7C6D}.Debug|Any CPU.ActiveCfg = Debug|Any CPU
		{754A4B1C-4FDB-4BC2-BA54-EC7C61BF7C6D}.Debug|Any CPU.Build.0 = Debug|Any CPU
		{754A4B1C-4FDB-4BC2-BA54-EC7C61BF7C6D}.Release|Any CPU.ActiveCfg = Release|Any CPU
		{754A4B1C-4FDB-4BC2-BA54-EC7C61BF7C6D}.Release|Any CPU.Build.0 = Release|Any CPU
		{2FD9C0B6-642F-45D3-9B9E-E974830BAD1C}.Debug|Any CPU.ActiveCfg = Debug|Any CPU
		{2FD9C0B6-642F-45D3-9B9E-E974830BAD1C}.Debug|Any CPU.Build.0 = Debug|Any CPU
		{2FD9C0B6-642F-45D3-9B9E-E974830BAD1C}.Release|Any CPU.ActiveCfg = Release|Any CPU
		{2FD9C0B6-642F-45D3-9B9E-E974830BAD1C}.Release|Any CPU.Build.0 = Release|Any CPU
		{45583E88-9A58-4EC1-9DB0-2458B6A47120}.Debug|Any CPU.ActiveCfg = Debug|Any CPU
		{45583E88-9A58-4EC1-9DB0-2458B6A47120}.Debug|Any CPU.Build.0 = Debug|Any CPU
		{45583E88-9A58-4EC1-9DB0-2458B6A47120}.Release|Any CPU.ActiveCfg = Release|Any CPU
		{45583E88-9A58-4EC1-9DB0-2458B6A47120}.Release|Any CPU.Build.0 = Release|Any CPU
		{5A8ABD32-A8CA-4803-955E-23D0D4357F92}.Debug|Any CPU.ActiveCfg = Debug|Any CPU
		{5A8ABD32-A8CA-4803-955E-23D0D4357F92}.Debug|Any CPU.Build.0 = Debug|Any CPU
		{5A8ABD32-A8CA-4803-955E-23D0D4357F92}.Release|Any CPU.ActiveCfg = Release|Any CPU
		{5A8ABD32-A8CA-4803-955E-23D0D4357F92}.Release|Any CPU.Build.0 = Release|Any CPU
		{F549C9E0-BEAF-4797-9215-7850874107E8}.Debug|Any CPU.ActiveCfg = Debug|Any CPU
		{F549C9E0-BEAF-4797-9215-7850874107E8}.Debug|Any CPU.Build.0 = Debug|Any CPU
		{F549C9E0-BEAF-4797-9215-7850874107E8}.Release|Any CPU.ActiveCfg = Release|Any CPU
		{F549C9E0-BEAF-4797-9215-7850874107E8}.Release|Any CPU.Build.0 = Release|Any CPU
		{EC0BBE3F-6753-4CFC-84D6-7343C62D2E07}.Debug|Any CPU.ActiveCfg = Debug|Any CPU
		{EC0BBE3F-6753-4CFC-84D6-7343C62D2E07}.Debug|Any CPU.Build.0 = Debug|Any CPU
		{EC0BBE3F-6753-4CFC-84D6-7343C62D2E07}.Release|Any CPU.ActiveCfg = Release|Any CPU
		{EC0BBE3F-6753-4CFC-84D6-7343C62D2E07}.Release|Any CPU.Build.0 = Release|Any CPU
		{3FCA1201-BAE6-49B2-AC09-7040F35FD1FF}.Debug|Any CPU.ActiveCfg = Debug|Any CPU
		{3FCA1201-BAE6-49B2-AC09-7040F35FD1FF}.Debug|Any CPU.Build.0 = Debug|Any CPU
		{3FCA1201-BAE6-49B2-AC09-7040F35FD1FF}.Release|Any CPU.ActiveCfg = Release|Any CPU
		{3FCA1201-BAE6-49B2-AC09-7040F35FD1FF}.Release|Any CPU.Build.0 = Release|Any CPU
		{74330673-3652-4C62-9550-00285DC14C0B}.Debug|Any CPU.ActiveCfg = Debug|Any CPU
		{74330673-3652-4C62-9550-00285DC14C0B}.Debug|Any CPU.Build.0 = Debug|Any CPU
		{74330673-3652-4C62-9550-00285DC14C0B}.Release|Any CPU.ActiveCfg = Release|Any CPU
		{74330673-3652-4C62-9550-00285DC14C0B}.Release|Any CPU.Build.0 = Release|Any CPU
		{4B1B9863-7BB3-4040-81F9-A8134E82BE91}.Debug|Any CPU.ActiveCfg = Debug|Any CPU
		{4B1B9863-7BB3-4040-81F9-A8134E82BE91}.Debug|Any CPU.Build.0 = Debug|Any CPU
		{4B1B9863-7BB3-4040-81F9-A8134E82BE91}.Release|Any CPU.ActiveCfg = Release|Any CPU
		{4B1B9863-7BB3-4040-81F9-A8134E82BE91}.Release|Any CPU.Build.0 = Release|Any CPU
		{2729296B-313A-4A20-8E6E-CF5855887042}.Debug|Any CPU.ActiveCfg = Debug|Any CPU
		{2729296B-313A-4A20-8E6E-CF5855887042}.Debug|Any CPU.Build.0 = Debug|Any CPU
		{2729296B-313A-4A20-8E6E-CF5855887042}.Release|Any CPU.ActiveCfg = Release|Any CPU
		{2729296B-313A-4A20-8E6E-CF5855887042}.Release|Any CPU.Build.0 = Release|Any CPU
		{031194B1-C772-46E4-9669-1DEBF6F0FF9E}.Debug|Any CPU.ActiveCfg = Debug|Any CPU
		{031194B1-C772-46E4-9669-1DEBF6F0FF9E}.Debug|Any CPU.Build.0 = Debug|Any CPU
		{031194B1-C772-46E4-9669-1DEBF6F0FF9E}.Release|Any CPU.ActiveCfg = Release|Any CPU
		{031194B1-C772-46E4-9669-1DEBF6F0FF9E}.Release|Any CPU.Build.0 = Release|Any CPU
		{1E96E683-9B9C-4434-952D-A771351BBBE2}.Debug|Any CPU.ActiveCfg = Debug|Any CPU
		{1E96E683-9B9C-4434-952D-A771351BBBE2}.Debug|Any CPU.Build.0 = Debug|Any CPU
		{1E96E683-9B9C-4434-952D-A771351BBBE2}.Release|Any CPU.ActiveCfg = Release|Any CPU
		{1E96E683-9B9C-4434-952D-A771351BBBE2}.Release|Any CPU.Build.0 = Release|Any CPU
		{21E4EA20-2867-4755-B1E3-C1968ADEC065}.Debug|Any CPU.ActiveCfg = Debug|Any CPU
		{21E4EA20-2867-4755-B1E3-C1968ADEC065}.Debug|Any CPU.Build.0 = Debug|Any CPU
		{21E4EA20-2867-4755-B1E3-C1968ADEC065}.Release|Any CPU.ActiveCfg = Release|Any CPU
		{21E4EA20-2867-4755-B1E3-C1968ADEC065}.Release|Any CPU.Build.0 = Release|Any CPU
		{00794F90-A716-4999-BFF9-9077FDFA4F25}.Debug|Any CPU.ActiveCfg = Debug|Any CPU
		{00794F90-A716-4999-BFF9-9077FDFA4F25}.Debug|Any CPU.Build.0 = Debug|Any CPU
		{00794F90-A716-4999-BFF9-9077FDFA4F25}.Release|Any CPU.ActiveCfg = Release|Any CPU
		{00794F90-A716-4999-BFF9-9077FDFA4F25}.Release|Any CPU.Build.0 = Release|Any CPU
		{FB3A9E57-82B2-44C1-A34A-04A204D1CCC1}.Debug|Any CPU.ActiveCfg = Debug|Any CPU
		{FB3A9E57-82B2-44C1-A34A-04A204D1CCC1}.Debug|Any CPU.Build.0 = Debug|Any CPU
		{FB3A9E57-82B2-44C1-A34A-04A204D1CCC1}.Release|Any CPU.ActiveCfg = Release|Any CPU
		{FB3A9E57-82B2-44C1-A34A-04A204D1CCC1}.Release|Any CPU.Build.0 = Release|Any CPU
		{1C2ADE75-FCC6-4C0B-8530-F125339EBD11}.Debug|Any CPU.ActiveCfg = Debug|Any CPU
		{1C2ADE75-FCC6-4C0B-8530-F125339EBD11}.Debug|Any CPU.Build.0 = Debug|Any CPU
		{1C2ADE75-FCC6-4C0B-8530-F125339EBD11}.Release|Any CPU.ActiveCfg = Release|Any CPU
		{1C2ADE75-FCC6-4C0B-8530-F125339EBD11}.Release|Any CPU.Build.0 = Release|Any CPU
		{9807D711-CEA8-4EB6-ADC9-E74DC389579E}.Debug|Any CPU.ActiveCfg = Debug|Any CPU
		{9807D711-CEA8-4EB6-ADC9-E74DC389579E}.Debug|Any CPU.Build.0 = Debug|Any CPU
		{9807D711-CEA8-4EB6-ADC9-E74DC389579E}.Release|Any CPU.ActiveCfg = Release|Any CPU
		{9807D711-CEA8-4EB6-ADC9-E74DC389579E}.Release|Any CPU.Build.0 = Release|Any CPU
		{FC38FC54-13BA-48D5-9342-37F1691BB3D7}.Debug|Any CPU.ActiveCfg = Debug|Any CPU
		{FC38FC54-13BA-48D5-9342-37F1691BB3D7}.Debug|Any CPU.Build.0 = Debug|Any CPU
		{FC38FC54-13BA-48D5-9342-37F1691BB3D7}.Release|Any CPU.ActiveCfg = Release|Any CPU
		{FC38FC54-13BA-48D5-9342-37F1691BB3D7}.Release|Any CPU.Build.0 = Release|Any CPU
		{A4B764D1-B757-4CE9-9B6B-25446910B9CD}.Debug|Any CPU.ActiveCfg = Debug|Any CPU
		{A4B764D1-B757-4CE9-9B6B-25446910B9CD}.Debug|Any CPU.Build.0 = Debug|Any CPU
		{A4B764D1-B757-4CE9-9B6B-25446910B9CD}.Release|Any CPU.ActiveCfg = Release|Any CPU
		{A4B764D1-B757-4CE9-9B6B-25446910B9CD}.Release|Any CPU.Build.0 = Release|Any CPU
		{6E992A9E-6941-44EF-B099-B77976255B05}.Debug|Any CPU.ActiveCfg = Debug|Any CPU
		{6E992A9E-6941-44EF-B099-B77976255B05}.Debug|Any CPU.Build.0 = Debug|Any CPU
		{6E992A9E-6941-44EF-B099-B77976255B05}.Release|Any CPU.ActiveCfg = Release|Any CPU
		{6E992A9E-6941-44EF-B099-B77976255B05}.Release|Any CPU.Build.0 = Release|Any CPU
		{AE4658EA-AB04-4A59-A85E-C9BC15CCB8F6}.Debug|Any CPU.ActiveCfg = Debug|Any CPU
		{AE4658EA-AB04-4A59-A85E-C9BC15CCB8F6}.Debug|Any CPU.Build.0 = Debug|Any CPU
		{AE4658EA-AB04-4A59-A85E-C9BC15CCB8F6}.Release|Any CPU.ActiveCfg = Release|Any CPU
		{AE4658EA-AB04-4A59-A85E-C9BC15CCB8F6}.Release|Any CPU.Build.0 = Release|Any CPU
		{5F4AD1FE-EEBB-43A0-BA16-BED5C1643A89}.Debug|Any CPU.ActiveCfg = Debug|Any CPU
		{5F4AD1FE-EEBB-43A0-BA16-BED5C1643A89}.Debug|Any CPU.Build.0 = Debug|Any CPU
		{5F4AD1FE-EEBB-43A0-BA16-BED5C1643A89}.Release|Any CPU.ActiveCfg = Release|Any CPU
		{5F4AD1FE-EEBB-43A0-BA16-BED5C1643A89}.Release|Any CPU.Build.0 = Release|Any CPU
	EndGlobalSection
	GlobalSection(SolutionProperties) = preSolution
		HideSolutionNode = FALSE
	EndGlobalSection
	GlobalSection(ExtensibilityGlobals) = postSolution
		SolutionGuid = {E45B55D0-5B18-4229-99B6-339059BF7923}
	EndGlobalSection
EndGlobal
